PODS:
  - Alamofire (4.4.0)
  - Button (5.12.1)
  - KochavaTrackeriOS (3.1.4)
  - PubNub (4.6.1):
    - PubNub/Core (= 4.6.1)
  - PubNub/Core (4.6.1)
  - UrbanAirship-iOS-SDK (8.3.3)

DEPENDENCIES:
  - Alamofire
  - Button
  - KochavaTrackeriOS
  - PubNub
  - UrbanAirship-iOS-SDK

SPEC CHECKSUMS:
  Alamofire: dc44b1600b800eb63da6a19039a0083d62a6a62d
  Button: fb678e714e93875313322e129e4502b47223f1e7
  KochavaTrackeriOS: 5b0f27aed9692ea2295ac4609e1f5db7d46460c2
  PubNub: 408ba6402a9c712418da738adda12ccc339cbb1e
  UrbanAirship-iOS-SDK: 51a0deb935d0be5905473654316ad1b6f09f3353

PODFILE CHECKSUM: 0f3ec176e7fa3af9ea88c5ea65b8c5ede92f99d1

COCOAPODS: 1.2.0
